{
  "lockfile_version": "1",
  "packages": {
    "bundler@latest": {
      "last_modified": "2023-10-25T20:49:13Z",
      "resolved": "github:NixOS/nixpkgs/75a52265bda7fd25e06e3a67dee3f0354e73243c#bundler",
      "source": "devbox-search",
      "version": "2.4.20"
    },
    "ruby@3.2.2": {
      "last_modified": "2023-10-25T20:49:13Z",
      "plugin_version": "0.0.2",
      "resolved": "github:NixOS/nixpkgs/75a52265bda7fd25e06e3a67dee3f0354e73243c#ruby_3_2",
      "source": "devbox-search",
      "version": "3.2.2"
    }
  }
}
